Microsoft Visual Studio Solution File, Format Version 12.00
# Visual Studio 2012
Project("{FAE04EC0-301F-11D3-BF4B-00C04F79EFBC}") = "Ping Ping", "Ping Ping.csproj", "{00DEE46E-C2B0-49DD-AF5B-8F8CB2C292A6}"
EndProject
Global
	GlobalSection(SolutionConfigurationPlatforms) = preSolution
	Debug|Any CPU = Debug|Any CPU
	ExportDebug|Any CPU = ExportDebug|Any CPU
	ExportRelease|Any CPU = ExportRelease|Any CPU
	EndGlobalSection
	GlobalSection(ProjectConfigurationPlatforms) = postSolution
		{00DEE46E-C2B0-49DD-AF5B-8F8CB2C292A6}.Debug|Any CPU.ActiveCfg = Debug|Any CPU
		{00DEE46E-C2B0-49DD-AF5B-8F8CB2C292A6}.Debug|Any CPU.Build.0 = Debug|Any CPU
		{00DEE46E-C2B0-49DD-AF5B-8F8CB2C292A6}.ExportDebug|Any CPU.ActiveCfg = ExportDebug|Any CPU
		{00DEE46E-C2B0-49DD-AF5B-8F8CB2C292A6}.ExportDebug|Any CPU.Build.0 = ExportDebug|Any CPU
		{00DEE46E-C2B0-49DD-AF5B-8F8CB2C292A6}.ExportRelease|Any CPU.ActiveCfg = ExportRelease|Any CPU
		{00DEE46E-C2B0-49DD-AF5B-8F8CB2C292A6}.ExportRelease|Any CPU.Build.0 = ExportRelease|Any CPU
	EndGlobalSection
EndGlobal
